
Microsoft Visual Studio Solution File, Format Version 12.00
# Visual Studio Version 17
VisualStudioVersion = 17.13.35818.85 d17.13
MinimumVisualStudioVersion = 10.0.40219.1
Project("{FAE04EC0-301F-11D3-BF4B-00C04F79EFBC}") = "bai18_dangkimonhoc", "bai18_dangkimonhoc.csproj", "{8239858A-B344-4134-A11B-0555C938AEB6}"
EndProject
Global
	GlobalSection(SolutionConfigurationPlatforms) = preSolution
		Debug|Any CPU = Debug|Any CPU
		Release|Any CPU = Release|Any CPU
	EndGlobalSection
	GlobalSection(ProjectConfigurationPlatforms) = postSolution
		{8239858A-B344-4134-A11B-0555C938AEB6}.Debug|Any CPU.ActiveCfg = Debug|Any CPU
		{8239858A-B344-4134-A11B-0555C938AEB6}.Debug|Any CPU.Build.0 = Debug|Any CPU
		{8239858A-B344-4134-A11B-0555C938AEB6}.Release|Any CPU.ActiveCfg = Release|Any CPU
		{8239858A-B344-4134-A11B-0555C938AEB6}.Release|Any CPU.Build.0 = Release|Any CPU
	EndGlobalSection
	GlobalSection(SolutionProperties) = preSolution
		HideSolutionNode = FALSE
	EndGlobalSection
	GlobalSection(ExtensibilityGlobals) = postSolution
		SolutionGuid = {2C9CFC44-60E2-417B-B0DB-A393241B5FE8}
	EndGlobalSection
EndGlobal
